<?xml version="1.0" encoding="utf-8"?>
<Project ToolsVersion="4.0" xmlns="http://schemas.microsoft.com/developer/msbuild/2003">
  <ItemGroup>
    <Filter Include="Source Files">
      <UniqueIdentifier>{4FC737F1-C7A5-4376-A066-2A32D752A2FF}</UniqueIdentifier>
      <Extensions>cpp;c;cc;cxx;c++;cppm;ixx;def;odl;idl;hpj;bat;asm;asmx</Extensions>
    </Filter>
    <Filter Include="Header Files">
      <UniqueIdentifier>{93995380-89BD-4b04-88EB-625FBE52EBFB}</UniqueIdentifier>
      <Extensions>h;hh;hpp;hxx;h++;hm;inl;inc;ipp;xsd</Extensions>
    </Filter>
    <Filter Include="Resource Files">
      <UniqueIdentifier>{67DA6AB6-F800-4c08-8B7A-83BB121AAD01}</UniqueIdentifier>
      <Extensions>rc;ico;cur;bmp;dlg;rc2;rct;bin;rgs;gif;jpg;jpeg;jpe;resx;tiff;tif;png;wav;mfcribbon-ms</Extensions>
    </Filter>
  </ItemGroup>
  <ItemGroup>
    <ClInclude Include="src\Bench.h">
      <Filter>Header Files</Filter>
    </ClInclude>
    <ClInclude Include="src\FileLoader.h">
      <Filter>Header Files</Filter>
    </ClInclude>
    <ClInclude Include="src\hax.h">
      <Filter>Header Files</Filter>
    </ClInclude>
    <ClInclude Include="src\mem.h">
      <Filter>Header Files</Filter>
    </ClInclude>
    <ClInclude Include="src\proc.h">
      <Filter>Header Files</Filter>
    </ClInclude>
    <ClInclude Include="src\undocWinTypes.h">
      <Filter>Header Files</Filter>
    </ClInclude>
    <ClInclude Include="src\vecmath.h">
      <Filter>Header Files</Filter>
    </ClInclude>
    <ClInclude Include="src\hooks\IatHook.h">
      <Filter>Header Files</Filter>
    </ClInclude>
    <ClInclude Include="src\hooks\TrampHook.h">
      <Filter>Header Files</Filter>
    </ClInclude>
    <ClInclude Include="src\hooks\IHook.h">
      <Filter>Header Files</Filter>
    </ClInclude>
    <ClInclude Include="src\launch.h">
      <Filter>Header Files</Filter>
    </ClInclude>
    <ClInclude Include="src\engine\dx9\charsets\dx9Charsets.h">
      <Filter>Header Files</Filter>
    </ClInclude>
    <ClInclude Include="src\engine\Engine.h">
      <Filter>Header Files</Filter>
    </ClInclude>
    <ClInclude Include="src\engine\dx9\dx9Draw.h">
      <Filter>Header Files</Filter>
    </ClInclude>
    <ClInclude Include="src\engine\IDraw.h">
      <Filter>Header Files</Filter>
    </ClInclude>
    <ClInclude Include="src\engine\dx9\dx9Font.h">
      <Filter>Header Files</Filter>
    </ClInclude>
    <ClInclude Include="src\engine\ogl2\ogl2Draw.h">
      <Filter>Header Files</Filter>
    </ClInclude>
    <ClInclude Include="src\engine\ogl2\ogl2Font.h">
      <Filter>Header Files</Filter>
    </ClInclude>
  </ItemGroup>
  <ItemGroup>
    <ClCompile Include="src\Bench.cpp">
      <Filter>Source Files</Filter>
    </ClCompile>
    <ClCompile Include="src\FileLoader.cpp">
      <Filter>Source Files</Filter>
    </ClCompile>
    <ClCompile Include="src\mem.cpp">
      <Filter>Source Files</Filter>
    </ClCompile>
    <ClCompile Include="src\proc.cpp">
      <Filter>Source Files</Filter>
    </ClCompile>
    <ClCompile Include="src\vecmath.cpp">
      <Filter>Source Files</Filter>
    </ClCompile>
    <ClCompile Include="src\hooks\IatHook.cpp">
      <Filter>Source Files</Filter>
    </ClCompile>
    <ClCompile Include="src\hooks\TrampHook.cpp">
      <Filter>Source Files</Filter>
    </ClCompile>
    <ClCompile Include="src\launch.cpp">
      <Filter>Source Files</Filter>
    </ClCompile>
    <ClCompile Include="src\engine\dx9\charsets\dx9LargeCharset.cpp">
      <Filter>Source Files</Filter>
    </ClCompile>
    <ClCompile Include="src\engine\dx9\charsets\dx9MediumCharset.cpp">
      <Filter>Source Files</Filter>
    </ClCompile>
    <ClCompile Include="src\engine\dx9\charsets\dx9TinyCharset.cpp">
      <Filter>Source Files</Filter>
    </ClCompile>
    <ClCompile Include="src\engine\Engine.cpp">
      <Filter>Source Files</Filter>
    </ClCompile>
    <ClCompile Include="src\engine\dx9\dx9Draw.cpp">
      <Filter>Source Files</Filter>
    </ClCompile>
    <ClCompile Include="src\engine\dx9\dx9Font.cpp">
      <Filter>Source Files</Filter>
    </ClCompile>
    <ClCompile Include="src\engine\ogl2\ogl2Draw.cpp">
      <Filter>Source Files</Filter>
    </ClCompile>
    <ClCompile Include="src\engine\ogl2\ogl2Font.cpp">
      <Filter>Source Files</Filter>
    </ClCompile>
  </ItemGroup>
</Project>