
Microsoft Visual Studio Solution File, Format Version 12.00
# Visual Studio Version 17
VisualStudioVersion = 17.4.33213.308
MinimumVisualStudioVersion = 10.0.40219.1
Project("{8BC9CEB8-8B4A-11D0-8D11-00A0C91BC942}") = "EasyWinHax", "EasyWinHax.vcxproj", "{3E5DB86D-1911-4CA7-AB29-B9E2C01DC291}"
EndProject
Project("{8BC9CEB8-8B4A-11D0-8D11-00A0C91BC942}") = "VulkanHook", "examples\VulkanHook\VulkanHook.vcxproj", "{36A9F558-8FBA-4554-86C6-3A9440EC44ED}"
EndProject
Project("{8BC9CEB8-8B4A-11D0-8D11-00A0C91BC942}") = "OpenGL2Hook", "examples\OpenGL2Hook\OpenGL2Hook.vcxproj", "{22384CDC-3575-44DB-922A-C8A76CD052D9}"
EndProject
Project("{8BC9CEB8-8B4A-11D0-8D11-00A0C91BC942}") = "DirectX9Hook", "examples\DirectX9Hook\DirectX9Hook.vcxproj", "{6095A0D0-B2B2-4FE7-87F6-2FDA1BBD17A3}"
EndProject
Global
	GlobalSection(SolutionConfigurationPlatforms) = preSolution
		Debug|x64 = Debug|x64
		Debug|x86 = Debug|x86
		Release|x64 = Release|x64
		Release|x86 = Release|x86
	EndGlobalSection
	GlobalSection(ProjectConfigurationPlatforms) = postSolution
		{3E5DB86D-1911-4CA7-AB29-B9E2C01DC291}.Debug|x64.ActiveCfg = Debug|x64
		{3E5DB86D-1911-4CA7-AB29-B9E2C01DC291}.Debug|x64.Build.0 = Debug|x64
		{3E5DB86D-1911-4CA7-AB29-B9E2C01DC291}.Debug|x86.ActiveCfg = Debug|Win32
		{3E5DB86D-1911-4CA7-AB29-B9E2C01DC291}.Debug|x86.Build.0 = Debug|Win32
		{3E5DB86D-1911-4CA7-AB29-B9E2C01DC291}.Release|x64.ActiveCfg = Release|x64
		{3E5DB86D-1911-4CA7-AB29-B9E2C01DC291}.Release|x64.Build.0 = Release|x64
		{3E5DB86D-1911-4CA7-AB29-B9E2C01DC291}.Release|x86.ActiveCfg = Release|Win32
		{3E5DB86D-1911-4CA7-AB29-B9E2C01DC291}.Release|x86.Build.0 = Release|Win32
		{36A9F558-8FBA-4554-86C6-3A9440EC44ED}.Debug|x64.ActiveCfg = Debug|x64
		{36A9F558-8FBA-4554-86C6-3A9440EC44ED}.Debug|x64.Build.0 = Debug|x64
		{36A9F558-8FBA-4554-86C6-3A9440EC44ED}.Debug|x86.ActiveCfg = Debug|Win32
		{36A9F558-8FBA-4554-86C6-3A9440EC44ED}.Debug|x86.Build.0 = Debug|Win32
		{36A9F558-8FBA-4554-86C6-3A9440EC44ED}.Release|x64.ActiveCfg = Release|x64
		{36A9F558-8FBA-4554-86C6-3A9440EC44ED}.Release|x64.Build.0 = Release|x64
		{36A9F558-8FBA-4554-86C6-3A9440EC44ED}.Release|x86.ActiveCfg = Release|Win32
		{36A9F558-8FBA-4554-86C6-3A9440EC44ED}.Release|x86.Build.0 = Release|Win32
		{22384CDC-3575-44DB-922A-C8A76CD052D9}.Debug|x64.ActiveCfg = Debug|x64
		{22384CDC-3575-44DB-922A-C8A76CD052D9}.Debug|x64.Build.0 = Debug|x64
		{22384CDC-3575-44DB-922A-C8A76CD052D9}.Debug|x86.ActiveCfg = Debug|Win32
		{22384CDC-3575-44DB-922A-C8A76CD052D9}.Debug|x86.Build.0 = Debug|Win32
		{22384CDC-3575-44DB-922A-C8A76CD052D9}.Release|x64.ActiveCfg = Release|x64
		{22384CDC-3575-44DB-922A-C8A76CD052D9}.Release|x64.Build.0 = Release|x64
		{22384CDC-3575-44DB-922A-C8A76CD052D9}.Release|x86.ActiveCfg = Release|Win32
		{22384CDC-3575-44DB-922A-C8A76CD052D9}.Release|x86.Build.0 = Release|Win32
		{6095A0D0-B2B2-4FE7-87F6-2FDA1BBD17A3}.Debug|x64.ActiveCfg = Debug|x64
		{6095A0D0-B2B2-4FE7-87F6-2FDA1BBD17A3}.Debug|x64.Build.0 = Debug|x64
		{6095A0D0-B2B2-4FE7-87F6-2FDA1BBD17A3}.Debug|x86.ActiveCfg = Debug|Win32
		{6095A0D0-B2B2-4FE7-87F6-2FDA1BBD17A3}.Debug|x86.Build.0 = Debug|Win32
		{6095A0D0-B2B2-4FE7-87F6-2FDA1BBD17A3}.Release|x64.ActiveCfg = Release|x64
		{6095A0D0-B2B2-4FE7-87F6-2FDA1BBD17A3}.Release|x64.Build.0 = Release|x64
		{6095A0D0-B2B2-4FE7-87F6-2FDA1BBD17A3}.Release|x86.ActiveCfg = Release|Win32
		{6095A0D0-B2B2-4FE7-87F6-2FDA1BBD17A3}.Release|x86.Build.0 = Release|Win32
	EndGlobalSection
	GlobalSection(SolutionProperties) = preSolution
		HideSolutionNode = FALSE
	EndGlobalSection
	GlobalSection(ExtensibilityGlobals) = postSolution
		SolutionGuid = {DEC99426-45AC-4B7D-B4B8-F084E6F5CD39}
	EndGlobalSection
EndGlobal
