<?xml version="1.0" encoding="utf-8"?>
<Project ToolsVersion="4.0" xmlns="http://schemas.microsoft.com/developer/msbuild/2003">
  <ItemGroup>
    <Filter Include="Source Files">
      <UniqueIdentifier>{4FC737F1-C7A5-4376-A066-2A32D752A2FF}</UniqueIdentifier>
      <Extensions>cpp;c;cc;cxx;c++;cppm;ixx;def;odl;idl;hpj;bat;asm;asmx</Extensions>
    </Filter>
    <Filter Include="Header Files">
      <UniqueIdentifier>{93995380-89BD-4b04-88EB-625FBE52EBFB}</UniqueIdentifier>
      <Extensions>h;hh;hpp;hxx;h++;hm;inl;inc;ipp;xsd</Extensions>
    </Filter>
    <Filter Include="Resource Files">
      <UniqueIdentifier>{67DA6AB6-F800-4c08-8B7A-83BB121AAD01}</UniqueIdentifier>
      <Extensions>rc;ico;cur;bmp;dlg;rc2;rct;bin;rgs;gif;jpg;jpeg;jpe;resx;tiff;tif;png;wav;mfcribbon-ms</Extensions>
    </Filter>
  </ItemGroup>
  <ItemGroup>
    <ClInclude Include="src\Bench.h">
      <Filter>Header Files</Filter>
    </ClInclude>
    <ClInclude Include="src\FileLoader.h">
      <Filter>Header Files</Filter>
    </ClInclude>
    <ClInclude Include="src\hax.h">
      <Filter>Header Files</Filter>
    </ClInclude>
    <ClInclude Include="src\mem.h">
      <Filter>Header Files</Filter>
    </ClInclude>
    <ClInclude Include="src\proc.h">
      <Filter>Header Files</Filter>
    </ClInclude>
    <ClInclude Include="src\undocWinTypes.h">
      <Filter>Header Files</Filter>
    </ClInclude>
    <ClInclude Include="src\vecmath.h">
      <Filter>Header Files</Filter>
    </ClInclude>
    <ClInclude Include="src\hooks\IatHook.h">
      <Filter>Header Files</Filter>
    </ClInclude>
    <ClInclude Include="src\hooks\TrampHook.h">
      <Filter>Header Files</Filter>
    </ClInclude>
    <ClInclude Include="src\hooks\IHook.h">
      <Filter>Header Files</Filter>
    </ClInclude>
    <ClInclude Include="src\launch.h">
      <Filter>Header Files</Filter>
    </ClInclude>
    <ClInclude Include="src\draw\Engine.h">
      <Filter>Header Files</Filter>
    </ClInclude>
    <ClInclude Include="src\draw\dx\dx9\dx9Backend.h">
      <Filter>Header Files</Filter>
    </ClInclude>
    <ClInclude Include="src\draw\IBackend.h">
      <Filter>Header Files</Filter>
    </ClInclude>
    <ClInclude Include="src\draw\ogl2\ogl2Backend.h">
      <Filter>Header Files</Filter>
    </ClInclude>
    <ClInclude Include="src\draw\dx\dx11\dx11Backend.h">
      <Filter>Header Files</Filter>
    </ClInclude>
    <ClInclude Include="src\draw\Color.h">
      <Filter>Header Files</Filter>
    </ClInclude>
    <ClInclude Include="src\draw\Vertex.h">
      <Filter>Header Files</Filter>
    </ClInclude>
    <ClInclude Include="src\draw\vulkan\vkBackend.h">
      <Filter>Header Files</Filter>
    </ClInclude>
    <ClInclude Include="src\draw\vulkan\include\vk_platform.h">
      <Filter>Header Files</Filter>
    </ClInclude>
    <ClInclude Include="src\draw\vulkan\include\vulkan.h">
      <Filter>Header Files</Filter>
    </ClInclude>
    <ClInclude Include="src\draw\ogl2\ogl2Defs.h">
      <Filter>Header Files</Filter>
    </ClInclude>
    <ClInclude Include="src\draw\vulkan\vkDefs.h">
      <Filter>Header Files</Filter>
    </ClInclude>
    <ClInclude Include="src\draw\dx\dx12\dx12Backend.h">
      <Filter>Header Files</Filter>
    </ClInclude>
    <ClInclude Include="src\draw\dx\dx10\dx10Backend.h">
      <Filter>Header Files</Filter>
    </ClInclude>
    <ClInclude Include="src\Vector.h">
      <Filter>Header Files</Filter>
    </ClInclude>
    <ClInclude Include="src\draw\IBufferBackend.h">
      <Filter>Header Files</Filter>
    </ClInclude>
    <ClInclude Include="src\draw\AbstractDrawBuffer.h">
      <Filter>Header Files</Filter>
    </ClInclude>
    <ClInclude Include="src\draw\dx\dx9\dx9BufferBackend.h">
      <Filter>Header Files</Filter>
    </ClInclude>
    <ClInclude Include="src\draw\dx\dx10\dx10BufferBackend.h">
      <Filter>Header Files</Filter>
    </ClInclude>
    <ClInclude Include="src\draw\dx\dx11\dx11BufferBackend.h">
      <Filter>Header Files</Filter>
    </ClInclude>
    <ClInclude Include="src\draw\dx\dx12\dx12BufferBackend.h">
      <Filter>Header Files</Filter>
    </ClInclude>
    <ClInclude Include="src\draw\ogl2\ogl2BufferBackend.h">
      <Filter>Header Files</Filter>
    </ClInclude>
    <ClInclude Include="src\draw\vulkan\vkBufferBackend.h">
      <Filter>Header Files</Filter>
    </ClInclude>
    <ClInclude Include="src\draw\TextureDrawBuffer.h">
      <Filter>Header Files</Filter>
    </ClInclude>
    <ClInclude Include="src\draw\SolidDrawBuffer.h">
      <Filter>Header Files</Filter>
    </ClInclude>
    <ClInclude Include="src\draw\dx\dx12\dx12FrameData.h">
      <Filter>Header Files</Filter>
    </ClInclude>
    <ClInclude Include="src\draw\vulkan\vkFrameData.h">
      <Filter>Header Files</Filter>
    </ClInclude>
    <ClInclude Include="src\draw\dx\dx9\dx9Shaders.h">
      <Filter>Header Files</Filter>
    </ClInclude>
    <ClInclude Include="src\draw\dx\dx10\dx10Shaders.h">
      <Filter>Header Files</Filter>
    </ClInclude>
    <ClInclude Include="src\draw\dx\dx11\dx11Shaders.h">
      <Filter>Header Files</Filter>
    </ClInclude>
    <ClInclude Include="src\draw\dx\dx12\dx12Shaders.h">
      <Filter>Header Files</Filter>
    </ClInclude>
    <ClInclude Include="src\draw\ogl2\ogl2Shaders.h">
      <Filter>Header Files</Filter>
    </ClInclude>
    <ClInclude Include="src\draw\vulkan\vkShaders.h">
      <Filter>Header Files</Filter>
    </ClInclude>
    <ClInclude Include="src\draw\Font.h">
      <Filter>Header Files</Filter>
    </ClInclude>
  </ItemGroup>
  <ItemGroup>
    <ClCompile Include="src\Bench.cpp">
      <Filter>Source Files</Filter>
    </ClCompile>
    <ClCompile Include="src\FileLoader.cpp">
      <Filter>Source Files</Filter>
    </ClCompile>
    <ClCompile Include="src\mem.cpp">
      <Filter>Source Files</Filter>
    </ClCompile>
    <ClCompile Include="src\proc.cpp">
      <Filter>Source Files</Filter>
    </ClCompile>
    <ClCompile Include="src\vecmath.cpp">
      <Filter>Source Files</Filter>
    </ClCompile>
    <ClCompile Include="src\hooks\IatHook.cpp">
      <Filter>Source Files</Filter>
    </ClCompile>
    <ClCompile Include="src\hooks\TrampHook.cpp">
      <Filter>Source Files</Filter>
    </ClCompile>
    <ClCompile Include="src\launch.cpp">
      <Filter>Source Files</Filter>
    </ClCompile>
    <ClCompile Include="src\draw\Engine.cpp">
      <Filter>Source Files</Filter>
    </ClCompile>
    <ClCompile Include="src\draw\dx\dx9\dx9Backend.cpp">
      <Filter>Source Files</Filter>
    </ClCompile>
    <ClCompile Include="src\draw\ogl2\ogl2Backend.cpp">
      <Filter>Source Files</Filter>
    </ClCompile>
    <ClCompile Include="src\draw\dx\dx11\dx11Backend.cpp">
      <Filter>Source Files</Filter>
    </ClCompile>
    <ClCompile Include="src\draw\vulkan\vkBackend.cpp">
      <Filter>Source Files</Filter>
    </ClCompile>
    <ClCompile Include="src\draw\dx\dx12\dx12Backend.cpp">
      <Filter>Source Files</Filter>
    </ClCompile>
    <ClCompile Include="src\draw\dx\dx10\dx10Backend.cpp">
      <Filter>Source Files</Filter>
    </ClCompile>
    <ClCompile Include="src\draw\dx\dx9\dx9BufferBackend.cpp">
      <Filter>Source Files</Filter>
    </ClCompile>
    <ClCompile Include="src\draw\dx\dx10\dx10BufferBackend.cpp">
      <Filter>Source Files</Filter>
    </ClCompile>
    <ClCompile Include="src\draw\dx\dx11\dx11BufferBackend.cpp">
      <Filter>Source Files</Filter>
    </ClCompile>
    <ClCompile Include="src\draw\dx\dx12\dx12BufferBackend.cpp">
      <Filter>Source Files</Filter>
    </ClCompile>
    <ClCompile Include="src\draw\ogl2\ogl2BufferBackend.cpp">
      <Filter>Source Files</Filter>
    </ClCompile>
    <ClCompile Include="src\draw\vulkan\vkBufferBackend.cpp">
      <Filter>Source Files</Filter>
    </ClCompile>
    <ClCompile Include="src\draw\TextureDrawBuffer.cpp">
      <Filter>Source Files</Filter>
    </ClCompile>
    <ClCompile Include="src\draw\SolidDrawBuffer.cpp">
      <Filter>Source Files</Filter>
    </ClCompile>
    <ClCompile Include="src\draw\vulkan\vkFrameData.cpp">
      <Filter>Source Files</Filter>
    </ClCompile>
    <ClCompile Include="src\draw\dx\dx12\dx12FrameData.cpp">
      <Filter>Source Files</Filter>
    </ClCompile>
    <ClCompile Include="src\draw\fonts\inconsolata.cpp">
      <Filter>Source Files</Filter>
    </ClCompile>
  </ItemGroup>
</Project>